
Microsoft Visual Studio Solution File, Format Version 12.00
# Visual Studio Version 16
VisualStudioVersion = 16.0.30320.27
MinimumVisualStudioVersion = 10.0.40219.1
Project("{2150E333-8FDC-42A3-9474-1A3956D46DE8}") = "01. Clients", "01. Clients", "{7B74DADC-5421-40F1-926F-C1A83D961C6C}"
EndProject
Project("{2150E333-8FDC-42A3-9474-1A3956D46DE8}") = "02. Api.Gateways", "02. Api.Gateways", "{CEC77653-CB3E-4324-B474-CB0EEA0206D2}"
EndProject
Project("{2150E333-8FDC-42A3-9474-1A3956D46DE8}") = "03. Services", "03. Services", "{225E3D53-1140-4C91-AE2B-192ABAAF9ABE}"
EndProject
Project("{2150E333-8FDC-42A3-9474-1A3956D46DE8}") = "01. Identity", "01. Identity", "{ABBC2383-F878-4BB2-A138-5B4F5BF3256E}"
EndProject
Project("{2150E333-8FDC-42A3-9474-1A3956D46DE8}") = "02. Catalog", "02. Catalog", "{F7FD9569-7D31-4B01-A121-0AC5FC379E31}"
EndProject
Project("{2150E333-8FDC-42A3-9474-1A3956D46DE8}") = "03. Customer", "03. Customer", "{4B178F84-CC46-44BE-B4D3-FF1426ACA25C}"
EndProject
Project("{2150E333-8FDC-42A3-9474-1A3956D46DE8}") = "04. Order", "04. Order", "{6D91DE2F-2539-4AB0-8811-21B8CBEBB7A8}"
EndProject
Project("{FAE04EC0-301F-11D3-BF4B-00C04F79EFBC}") = "Catalog.Api", "src\Services\Catalog\Catalog.Api\Catalog.Api.csproj", "{8C933068-E31C-4810-B162-9AEE3D80BA7B}"
EndProject
Project("{2150E333-8FDC-42A3-9474-1A3956D46DE8}") = "01. API", "01. API", "{A9527294-9D28-415D-8006-A202912E452B}"
EndProject
Project("{2150E333-8FDC-42A3-9474-1A3956D46DE8}") = "02. Services", "02. Services", "{7B9C7B55-BE1E-496A-95BC-A1F132FF3ED8}"
EndProject
Project("{2150E333-8FDC-42A3-9474-1A3956D46DE8}") = "03. Persistence", "03. Persistence", "{93C9F1F4-B312-463A-BB79-284A00D1FCF5}"
EndProject
Project("{2150E333-8FDC-42A3-9474-1A3956D46DE8}") = "04. Models", "04. Models", "{3FF79FB5-EDCA-48E7-9473-3EBBA7A07500}"
EndProject
Project("{FAE04EC0-301F-11D3-BF4B-00C04F79EFBC}") = "Catalog.Domain", "src\Services\Catalog\Catalog.Domain\Catalog.Domain.csproj", "{309D7B4F-7623-4D69-9A0A-1429430F51ED}"
EndProject
Project("{FAE04EC0-301F-11D3-BF4B-00C04F79EFBC}") = "Catalog.Persistence.Database", "src\Services\Catalog\Catalog.Persistence.Database\Catalog.Persistence.Database.csproj", "{4753F101-2D4D-4A8A-AC44-E5B3EEB60C00}"
EndProject
Project("{FAE04EC0-301F-11D3-BF4B-00C04F79EFBC}") = "Catalog.Services.Queries", "src\Services\Catalog\Catalog.Services.Queries\Catalog.Services.Queries.csproj", "{ADED9613-954E-47A6-A339-7C15A914E0EB}"
EndProject
Project("{2150E333-8FDC-42A3-9474-1A3956D46DE8}") = "Common", "Common", "{AE98D5BA-7DFB-44BA-A706-566E93C25F89}"
EndProject
Project("{FAE04EC0-301F-11D3-BF4B-00C04F79EFBC}") = "Service.Common.Collection", "src\Services\Common\Service.Common.Collection\Service.Common.Collection.csproj", "{4FCB0D80-7974-47E6-B5F9-2D47475D7FA7}"
EndProject
Project("{FAE04EC0-301F-11D3-BF4B-00C04F79EFBC}") = "Service.Common.Mapping", "src\Services\Common\Service.Common.Mapping\Service.Common.Mapping.csproj", "{090F8F6D-9180-4305-B376-4510766900AD}"
EndProject
Project("{FAE04EC0-301F-11D3-BF4B-00C04F79EFBC}") = "Service.Common.Paging", "src\Services\Common\Service.Common.Paging\Service.Common.Paging.csproj", "{4D1287B3-1602-4F3A-A323-785C5381AB3E}"
EndProject
Project("{FAE04EC0-301F-11D3-BF4B-00C04F79EFBC}") = "Catalog.Services.EventHandlers", "src\Services\Catalog\Catalog.Services.EventHandlers\Catalog.Services.EventHandlers.csproj", "{ACA1605B-F19F-4D6A-984C-1638403C417C}"
EndProject
Project("{2150E333-8FDC-42A3-9474-1A3956D46DE8}") = "05. Common", "05. Common", "{48E8D7F4-1D19-4718-A2BC-5134395754F9}"
EndProject
Project("{FAE04EC0-301F-11D3-BF4B-00C04F79EFBC}") = "Catalog.Common", "src\Services\Catalog\Catalog.Common\Catalog.Common.csproj", "{A83AB656-7A95-4328-9D26-99DF796C6602}"
EndProject
Project("{2150E333-8FDC-42A3-9474-1A3956D46DE8}") = "04. Common", "04. Common", "{DE366B1C-9625-4520-89B6-C58459FF70D3}"
EndProject
Project("{FAE04EC0-301F-11D3-BF4B-00C04F79EFBC}") = "Common.Logging", "src\Common\Common.Logging\Common.Logging.csproj", "{4F75152C-116D-4876-9976-A5C2057369EA}"
EndProject
Global
	GlobalSection(SolutionConfigurationPlatforms) = preSolution
		Debug|Any CPU = Debug|Any CPU
		Release|Any CPU = Release|Any CPU
	EndGlobalSection
	GlobalSection(ProjectConfigurationPlatforms) = postSolution
		{8C933068-E31C-4810-B162-9AEE3D80BA7B}.Debug|Any CPU.ActiveCfg = Debug|Any CPU
		{8C933068-E31C-4810-B162-9AEE3D80BA7B}.Debug|Any CPU.Build.0 = Debug|Any CPU
		{8C933068-E31C-4810-B162-9AEE3D80BA7B}.Release|Any CPU.ActiveCfg = Release|Any CPU
		{8C933068-E31C-4810-B162-9AEE3D80BA7B}.Release|Any CPU.Build.0 = Release|Any CPU
		{309D7B4F-7623-4D69-9A0A-1429430F51ED}.Debug|Any CPU.ActiveCfg = Debug|Any CPU
		{309D7B4F-7623-4D69-9A0A-1429430F51ED}.Debug|Any CPU.Build.0 = Debug|Any CPU
		{309D7B4F-7623-4D69-9A0A-1429430F51ED}.Release|Any CPU.ActiveCfg = Release|Any CPU
		{309D7B4F-7623-4D69-9A0A-1429430F51ED}.Release|Any CPU.Build.0 = Release|Any CPU
		{4753F101-2D4D-4A8A-AC44-E5B3EEB60C00}.Debug|Any CPU.ActiveCfg = Debug|Any CPU
		{4753F101-2D4D-4A8A-AC44-E5B3EEB60C00}.Debug|Any CPU.Build.0 = Debug|Any CPU
		{4753F101-2D4D-4A8A-AC44-E5B3EEB60C00}.Release|Any CPU.ActiveCfg = Release|Any CPU
		{4753F101-2D4D-4A8A-AC44-E5B3EEB60C00}.Release|Any CPU.Build.0 = Release|Any CPU
		{ADED9613-954E-47A6-A339-7C15A914E0EB}.Debug|Any CPU.ActiveCfg = Debug|Any CPU
		{ADED9613-954E-47A6-A339-7C15A914E0EB}.Debug|Any CPU.Build.0 = Debug|Any CPU
		{ADED9613-954E-47A6-A339-7C15A914E0EB}.Release|Any CPU.ActiveCfg = Release|Any CPU
		{ADED9613-954E-47A6-A339-7C15A914E0EB}.Release|Any CPU.Build.0 = Release|Any CPU
		{4FCB0D80-7974-47E6-B5F9-2D47475D7FA7}.Debug|Any CPU.ActiveCfg = Debug|Any CPU
		{4FCB0D80-7974-47E6-B5F9-2D47475D7FA7}.Debug|Any CPU.Build.0 = Debug|Any CPU
		{4FCB0D80-7974-47E6-B5F9-2D47475D7FA7}.Release|Any CPU.ActiveCfg = Release|Any CPU
		{4FCB0D80-7974-47E6-B5F9-2D47475D7FA7}.Release|Any CPU.Build.0 = Release|Any CPU
		{090F8F6D-9180-4305-B376-4510766900AD}.Debug|Any CPU.ActiveCfg = Debug|Any CPU
		{090F8F6D-9180-4305-B376-4510766900AD}.Debug|Any CPU.Build.0 = Debug|Any CPU
		{090F8F6D-9180-4305-B376-4510766900AD}.Release|Any CPU.ActiveCfg = Release|Any CPU
		{090F8F6D-9180-4305-B376-4510766900AD}.Release|Any CPU.Build.0 = Release|Any CPU
		{4D1287B3-1602-4F3A-A323-785C5381AB3E}.Debug|Any CPU.ActiveCfg = Debug|Any CPU
		{4D1287B3-1602-4F3A-A323-785C5381AB3E}.Debug|Any CPU.Build.0 = Debug|Any CPU
		{4D1287B3-1602-4F3A-A323-785C5381AB3E}.Release|Any CPU.ActiveCfg = Release|Any CPU
		{4D1287B3-1602-4F3A-A323-785C5381AB3E}.Release|Any CPU.Build.0 = Release|Any CPU
		{ACA1605B-F19F-4D6A-984C-1638403C417C}.Debug|Any CPU.ActiveCfg = Debug|Any CPU
		{ACA1605B-F19F-4D6A-984C-1638403C417C}.Debug|Any CPU.Build.0 = Debug|Any CPU
		{ACA1605B-F19F-4D6A-984C-1638403C417C}.Release|Any CPU.ActiveCfg = Release|Any CPU
		{ACA1605B-F19F-4D6A-984C-1638403C417C}.Release|Any CPU.Build.0 = Release|Any CPU
		{A83AB656-7A95-4328-9D26-99DF796C6602}.Debug|Any CPU.ActiveCfg = Debug|Any CPU
		{A83AB656-7A95-4328-9D26-99DF796C6602}.Debug|Any CPU.Build.0 = Debug|Any CPU
		{A83AB656-7A95-4328-9D26-99DF796C6602}.Release|Any CPU.ActiveCfg = Release|Any CPU
		{A83AB656-7A95-4328-9D26-99DF796C6602}.Release|Any CPU.Build.0 = Release|Any CPU
		{4F75152C-116D-4876-9976-A5C2057369EA}.Debug|Any CPU.ActiveCfg = Debug|Any CPU
		{4F75152C-116D-4876-9976-A5C2057369EA}.Debug|Any CPU.Build.0 = Debug|Any CPU
		{4F75152C-116D-4876-9976-A5C2057369EA}.Release|Any CPU.ActiveCfg = Release|Any CPU
		{4F75152C-116D-4876-9976-A5C2057369EA}.Release|Any CPU.Build.0 = Release|Any CPU
	EndGlobalSection
	GlobalSection(SolutionProperties) = preSolution
		HideSolutionNode = FALSE
	EndGlobalSection
	GlobalSection(NestedProjects) = preSolution
		{ABBC2383-F878-4BB2-A138-5B4F5BF3256E} = {225E3D53-1140-4C91-AE2B-192ABAAF9ABE}
		{F7FD9569-7D31-4B01-A121-0AC5FC379E31} = {225E3D53-1140-4C91-AE2B-192ABAAF9ABE}
		{4B178F84-CC46-44BE-B4D3-FF1426ACA25C} = {225E3D53-1140-4C91-AE2B-192ABAAF9ABE}
		{6D91DE2F-2539-4AB0-8811-21B8CBEBB7A8} = {225E3D53-1140-4C91-AE2B-192ABAAF9ABE}
		{8C933068-E31C-4810-B162-9AEE3D80BA7B} = {A9527294-9D28-415D-8006-A202912E452B}
		{A9527294-9D28-415D-8006-A202912E452B} = {F7FD9569-7D31-4B01-A121-0AC5FC379E31}
		{7B9C7B55-BE1E-496A-95BC-A1F132FF3ED8} = {F7FD9569-7D31-4B01-A121-0AC5FC379E31}
		{93C9F1F4-B312-463A-BB79-284A00D1FCF5} = {F7FD9569-7D31-4B01-A121-0AC5FC379E31}
		{3FF79FB5-EDCA-48E7-9473-3EBBA7A07500} = {F7FD9569-7D31-4B01-A121-0AC5FC379E31}
		{309D7B4F-7623-4D69-9A0A-1429430F51ED} = {3FF79FB5-EDCA-48E7-9473-3EBBA7A07500}
		{4753F101-2D4D-4A8A-AC44-E5B3EEB60C00} = {93C9F1F4-B312-463A-BB79-284A00D1FCF5}
		{ADED9613-954E-47A6-A339-7C15A914E0EB} = {7B9C7B55-BE1E-496A-95BC-A1F132FF3ED8}
		{AE98D5BA-7DFB-44BA-A706-566E93C25F89} = {225E3D53-1140-4C91-AE2B-192ABAAF9ABE}
		{4FCB0D80-7974-47E6-B5F9-2D47475D7FA7} = {AE98D5BA-7DFB-44BA-A706-566E93C25F89}
		{090F8F6D-9180-4305-B376-4510766900AD} = {AE98D5BA-7DFB-44BA-A706-566E93C25F89}
		{4D1287B3-1602-4F3A-A323-785C5381AB3E} = {AE98D5BA-7DFB-44BA-A706-566E93C25F89}
		{ACA1605B-F19F-4D6A-984C-1638403C417C} = {7B9C7B55-BE1E-496A-95BC-A1F132FF3ED8}
		{48E8D7F4-1D19-4718-A2BC-5134395754F9} = {F7FD9569-7D31-4B01-A121-0AC5FC379E31}
		{A83AB656-7A95-4328-9D26-99DF796C6602} = {48E8D7F4-1D19-4718-A2BC-5134395754F9}
		{4F75152C-116D-4876-9976-A5C2057369EA} = {DE366B1C-9625-4520-89B6-C58459FF70D3}
	EndGlobalSection
	GlobalSection(ExtensibilityGlobals) = postSolution
		SolutionGuid = {FE15A44D-6F19-4BAE-8F2B-ECA90DFE2693}
	EndGlobalSection
EndGlobal
