
Microsoft Visual Studio Solution File, Format Version 12.00
# Visual Studio Version 16
VisualStudioVersion = 16.0.30320.27
MinimumVisualStudioVersion = 10.0.40219.1
Project("{2150E333-8FDC-42A3-9474-1A3956D46DE8}") = "01. Clients", "01. Clients", "{7B74DADC-5421-40F1-926F-C1A83D961C6C}"
EndProject
Project("{2150E333-8FDC-42A3-9474-1A3956D46DE8}") = "02. Api.Gateways", "02. Api.Gateways", "{CEC77653-CB3E-4324-B474-CB0EEA0206D2}"
EndProject
Project("{2150E333-8FDC-42A3-9474-1A3956D46DE8}") = "03. Services", "03. Services", "{225E3D53-1140-4C91-AE2B-192ABAAF9ABE}"
EndProject
Project("{2150E333-8FDC-42A3-9474-1A3956D46DE8}") = "01. Identity", "01. Identity", "{ABBC2383-F878-4BB2-A138-5B4F5BF3256E}"
EndProject
Project("{2150E333-8FDC-42A3-9474-1A3956D46DE8}") = "02. Catalog", "02. Catalog", "{F7FD9569-7D31-4B01-A121-0AC5FC379E31}"
EndProject
Project("{2150E333-8FDC-42A3-9474-1A3956D46DE8}") = "03. Customer", "03. Customer", "{4B178F84-CC46-44BE-B4D3-FF1426ACA25C}"
EndProject
Project("{2150E333-8FDC-42A3-9474-1A3956D46DE8}") = "04. Order", "04. Order", "{6D91DE2F-2539-4AB0-8811-21B8CBEBB7A8}"
EndProject
Project("{9A19103F-16F7-4668-BE54-9A1E7A4F7556}") = "Catalog.Api", "src\Services\Catalog\Catalog.Api\Catalog.Api.csproj", "{8C933068-E31C-4810-B162-9AEE3D80BA7B}"
EndProject
Project("{2150E333-8FDC-42A3-9474-1A3956D46DE8}") = "01. API", "01. API", "{A9527294-9D28-415D-8006-A202912E452B}"
EndProject
Project("{2150E333-8FDC-42A3-9474-1A3956D46DE8}") = "02. Services", "02. Services", "{7B9C7B55-BE1E-496A-95BC-A1F132FF3ED8}"
EndProject
Project("{2150E333-8FDC-42A3-9474-1A3956D46DE8}") = "03. Persistence", "03. Persistence", "{93C9F1F4-B312-463A-BB79-284A00D1FCF5}"
EndProject
Project("{2150E333-8FDC-42A3-9474-1A3956D46DE8}") = "04. Models", "04. Models", "{3FF79FB5-EDCA-48E7-9473-3EBBA7A07500}"
EndProject
Project("{9A19103F-16F7-4668-BE54-9A1E7A4F7556}") = "Catalog.Domain", "src\Services\Catalog\Catalog.Domain\Catalog.Domain.csproj", "{309D7B4F-7623-4D69-9A0A-1429430F51ED}"
EndProject
Project("{9A19103F-16F7-4668-BE54-9A1E7A4F7556}") = "Catalog.Persistence.Database", "src\Services\Catalog\Catalog.Persistence.Database\Catalog.Persistence.Database.csproj", "{4753F101-2D4D-4A8A-AC44-E5B3EEB60C00}"
EndProject
Project("{9A19103F-16F7-4668-BE54-9A1E7A4F7556}") = "Catalog.Services.Queries", "src\Services\Catalog\Catalog.Services.Queries\Catalog.Services.Queries.csproj", "{ADED9613-954E-47A6-A339-7C15A914E0EB}"
EndProject
Project("{2150E333-8FDC-42A3-9474-1A3956D46DE8}") = "Common", "Common", "{AE98D5BA-7DFB-44BA-A706-566E93C25F89}"
EndProject
Project("{9A19103F-16F7-4668-BE54-9A1E7A4F7556}") = "Service.Common.Collection", "src\Services\Common\Service.Common.Collection\Service.Common.Collection.csproj", "{4FCB0D80-7974-47E6-B5F9-2D47475D7FA7}"
EndProject
Project("{9A19103F-16F7-4668-BE54-9A1E7A4F7556}") = "Service.Common.Mapping", "src\Services\Common\Service.Common.Mapping\Service.Common.Mapping.csproj", "{090F8F6D-9180-4305-B376-4510766900AD}"
EndProject
Project("{9A19103F-16F7-4668-BE54-9A1E7A4F7556}") = "Service.Common.Paging", "src\Services\Common\Service.Common.Paging\Service.Common.Paging.csproj", "{4D1287B3-1602-4F3A-A323-785C5381AB3E}"
EndProject
Project("{9A19103F-16F7-4668-BE54-9A1E7A4F7556}") = "Catalog.Services.EventHandlers", "src\Services\Catalog\Catalog.Services.EventHandlers\Catalog.Services.EventHandlers.csproj", "{ACA1605B-F19F-4D6A-984C-1638403C417C}"
EndProject
Project("{2150E333-8FDC-42A3-9474-1A3956D46DE8}") = "05. Common", "05. Common", "{48E8D7F4-1D19-4718-A2BC-5134395754F9}"
EndProject
Project("{9A19103F-16F7-4668-BE54-9A1E7A4F7556}") = "Catalog.Common", "src\Services\Catalog\Catalog.Common\Catalog.Common.csproj", "{A83AB656-7A95-4328-9D26-99DF796C6602}"
EndProject
Project("{2150E333-8FDC-42A3-9474-1A3956D46DE8}") = "04. Common", "04. Common", "{DE366B1C-9625-4520-89B6-C58459FF70D3}"
EndProject
Project("{9A19103F-16F7-4668-BE54-9A1E7A4F7556}") = "Common.Logging", "src\Common\Common.Logging\Common.Logging.csproj", "{4F75152C-116D-4876-9976-A5C2057369EA}"
EndProject
Project("{2150E333-8FDC-42A3-9474-1A3956D46DE8}") = "01. API", "01. API", "{F0674178-AC97-4CF3-8A3A-C1C9C9A6F5CB}"
EndProject
Project("{2150E333-8FDC-42A3-9474-1A3956D46DE8}") = "02. Services", "02. Services", "{13D07A68-3596-42C9-BCFC-325984A34FAE}"
EndProject
Project("{2150E333-8FDC-42A3-9474-1A3956D46DE8}") = "03. Persistence", "03. Persistence", "{A146F054-26B5-4031-9684-E28A472FDC31}"
EndProject
Project("{2150E333-8FDC-42A3-9474-1A3956D46DE8}") = "04. Models", "04. Models", "{222877B0-21AA-4928-8115-A575EF6D2038}"
EndProject
Project("{2150E333-8FDC-42A3-9474-1A3956D46DE8}") = "05. Common", "05. Common", "{CE140359-7E6C-4CE4-99BF-7F318D604B36}"
EndProject
Project("{2150E333-8FDC-42A3-9474-1A3956D46DE8}") = "06. Testing", "06. Testing", "{A3D016C2-9A38-4149-B0EB-F34E210C655A}"
EndProject
Project("{9A19103F-16F7-4668-BE54-9A1E7A4F7556}") = "Customer.Domain", "src\Services\Customer\Customer.Domain\Customer.Domain.csproj", "{25FFBE8E-5EE9-4810-AF42-75BD829249AE}"
EndProject
Project("{9A19103F-16F7-4668-BE54-9A1E7A4F7556}") = "Customer.Api", "src\Services\Customer\Customer.Api\Customer.Api.csproj", "{0EF75973-6764-4B40-8F73-2BF96FEFCA52}"
EndProject
Project("{9A19103F-16F7-4668-BE54-9A1E7A4F7556}") = "Customer.Persistence.Database", "src\Services\Customer\Customer.Persistence.Database\Customer.Persistence.Database.csproj", "{BC272CC1-E93B-4A87-B782-0B4462D7638F}"
EndProject
Project("{9A19103F-16F7-4668-BE54-9A1E7A4F7556}") = "Customer.Services.Queries", "src\Services\Customer\Customer.Services.Queries\Customer.Services.Queries.csproj", "{FB501340-4F98-469A-80A8-B6B226C33757}"
EndProject
Project("{9A19103F-16F7-4668-BE54-9A1E7A4F7556}") = "Customer.Services.EventHandlers", "src\Services\Customer\Client.Services.EventHandlers\Customer.Services.EventHandlers.csproj", "{9B5D2E50-CA2B-43C4-BE9F-E3FB2E4EF9E2}"
EndProject
Project("{FAE04EC0-301F-11D3-BF4B-00C04F79EFBC}") = "Customer.Tests", "src\Services\Customer\Customer.Tests\Customer.Tests.csproj", "{14BD1AFC-485D-4B9F-B352-2282A1D163DE}"
EndProject
Project("{2150E333-8FDC-42A3-9474-1A3956D46DE8}") = "06. Testing", "06. Testing", "{2C263D53-8B09-49C4-B1D1-1C723469F0E8}"
EndProject
Project("{9A19103F-16F7-4668-BE54-9A1E7A4F7556}") = "Catalog.Tests", "src\Services\Catalog\Catalog.Tests\Catalog.Tests.csproj", "{1F2A7ADE-F56A-4F29-A347-45851B4E4442}"
EndProject
Project("{FAE04EC0-301F-11D3-BF4B-00C04F79EFBC}") = "Order.Api", "src\Services\Order\Order.Api\Order.Api.csproj", "{73DA9286-E3BC-4304-BD35-875B33627A45}"
EndProject
Project("{2150E333-8FDC-42A3-9474-1A3956D46DE8}") = "01. API", "01. API", "{53CD772C-BF17-4E33-A798-9179D61D9AB7}"
EndProject
Project("{2150E333-8FDC-42A3-9474-1A3956D46DE8}") = "03. Persistence", "03. Persistence", "{DF806CB2-26EF-4A37-B5E0-56CB25AAC153}"
EndProject
Project("{2150E333-8FDC-42A3-9474-1A3956D46DE8}") = "04. Models", "04. Models", "{30190041-6B88-42B1-8132-AB562456BC88}"
EndProject
Project("{2150E333-8FDC-42A3-9474-1A3956D46DE8}") = "02. Services", "02. Services", "{CAC985D7-5924-4B15-BAC9-61160EA2C299}"
EndProject
Project("{2150E333-8FDC-42A3-9474-1A3956D46DE8}") = "05. Common", "05. Common", "{2CFB37A6-AAC6-4AAB-806C-3B81A85BFE9B}"
EndProject
Project("{2150E333-8FDC-42A3-9474-1A3956D46DE8}") = "06. Testing", "06. Testing", "{ED981B17-7A70-46FA-803B-62D3E5412F8B}"
EndProject
Project("{FAE04EC0-301F-11D3-BF4B-00C04F79EFBC}") = "Order.Domain", "src\Services\Order\Order.Domain\Order.Domain.csproj", "{DB483FC8-9CA3-4807-BDE1-99E55EFED96D}"
EndProject
Project("{FAE04EC0-301F-11D3-BF4B-00C04F79EFBC}") = "Order.Common", "src\Services\Order\Order.Common\Order.Common.csproj", "{1607D231-DC0C-4296-88D9-7F7D47A988D1}"
EndProject
Project("{FAE04EC0-301F-11D3-BF4B-00C04F79EFBC}") = "Order.Persistence.Database", "src\Services\Order\Order.Persistence.Database\Order.Persistence.Database.csproj", "{54B2B12F-82DC-4967-8143-8ED99647F471}"
EndProject
Project("{FAE04EC0-301F-11D3-BF4B-00C04F79EFBC}") = "Order.Services.Queries", "src\Services\Order\Order.Services.Queries\Order.Services.Queries.csproj", "{27E7924B-9A75-4BE9-9971-9EA60D754554}"
EndProject
Project("{FAE04EC0-301F-11D3-BF4B-00C04F79EFBC}") = "Order.Service.EventHandlers", "src\Services\Order\Order.Service.EventHandlers\Order.Service.EventHandlers.csproj", "{9122272A-68FF-44A7-9C9A-4DC66F04F4F9}"
EndProject
Global
	GlobalSection(SolutionConfigurationPlatforms) = preSolution
		Debug|Any CPU = Debug|Any CPU
		Release|Any CPU = Release|Any CPU
	EndGlobalSection
	GlobalSection(ProjectConfigurationPlatforms) = postSolution
		{8C933068-E31C-4810-B162-9AEE3D80BA7B}.Debug|Any CPU.ActiveCfg = Debug|Any CPU
		{8C933068-E31C-4810-B162-9AEE3D80BA7B}.Debug|Any CPU.Build.0 = Debug|Any CPU
		{8C933068-E31C-4810-B162-9AEE3D80BA7B}.Release|Any CPU.ActiveCfg = Release|Any CPU
		{8C933068-E31C-4810-B162-9AEE3D80BA7B}.Release|Any CPU.Build.0 = Release|Any CPU
		{309D7B4F-7623-4D69-9A0A-1429430F51ED}.Debug|Any CPU.ActiveCfg = Debug|Any CPU
		{309D7B4F-7623-4D69-9A0A-1429430F51ED}.Debug|Any CPU.Build.0 = Debug|Any CPU
		{309D7B4F-7623-4D69-9A0A-1429430F51ED}.Release|Any CPU.ActiveCfg = Release|Any CPU
		{309D7B4F-7623-4D69-9A0A-1429430F51ED}.Release|Any CPU.Build.0 = Release|Any CPU
		{4753F101-2D4D-4A8A-AC44-E5B3EEB60C00}.Debug|Any CPU.ActiveCfg = Debug|Any CPU
		{4753F101-2D4D-4A8A-AC44-E5B3EEB60C00}.Debug|Any CPU.Build.0 = Debug|Any CPU
		{4753F101-2D4D-4A8A-AC44-E5B3EEB60C00}.Release|Any CPU.ActiveCfg = Release|Any CPU
		{4753F101-2D4D-4A8A-AC44-E5B3EEB60C00}.Release|Any CPU.Build.0 = Release|Any CPU
		{ADED9613-954E-47A6-A339-7C15A914E0EB}.Debug|Any CPU.ActiveCfg = Debug|Any CPU
		{ADED9613-954E-47A6-A339-7C15A914E0EB}.Debug|Any CPU.Build.0 = Debug|Any CPU
		{ADED9613-954E-47A6-A339-7C15A914E0EB}.Release|Any CPU.ActiveCfg = Release|Any CPU
		{ADED9613-954E-47A6-A339-7C15A914E0EB}.Release|Any CPU.Build.0 = Release|Any CPU
		{4FCB0D80-7974-47E6-B5F9-2D47475D7FA7}.Debug|Any CPU.ActiveCfg = Debug|Any CPU
		{4FCB0D80-7974-47E6-B5F9-2D47475D7FA7}.Debug|Any CPU.Build.0 = Debug|Any CPU
		{4FCB0D80-7974-47E6-B5F9-2D47475D7FA7}.Release|Any CPU.ActiveCfg = Release|Any CPU
		{4FCB0D80-7974-47E6-B5F9-2D47475D7FA7}.Release|Any CPU.Build.0 = Release|Any CPU
		{090F8F6D-9180-4305-B376-4510766900AD}.Debug|Any CPU.ActiveCfg = Debug|Any CPU
		{090F8F6D-9180-4305-B376-4510766900AD}.Debug|Any CPU.Build.0 = Debug|Any CPU
		{090F8F6D-9180-4305-B376-4510766900AD}.Release|Any CPU.ActiveCfg = Release|Any CPU
		{090F8F6D-9180-4305-B376-4510766900AD}.Release|Any CPU.Build.0 = Release|Any CPU
		{4D1287B3-1602-4F3A-A323-785C5381AB3E}.Debug|Any CPU.ActiveCfg = Debug|Any CPU
		{4D1287B3-1602-4F3A-A323-785C5381AB3E}.Debug|Any CPU.Build.0 = Debug|Any CPU
		{4D1287B3-1602-4F3A-A323-785C5381AB3E}.Release|Any CPU.ActiveCfg = Release|Any CPU
		{4D1287B3-1602-4F3A-A323-785C5381AB3E}.Release|Any CPU.Build.0 = Release|Any CPU
		{ACA1605B-F19F-4D6A-984C-1638403C417C}.Debug|Any CPU.ActiveCfg = Debug|Any CPU
		{ACA1605B-F19F-4D6A-984C-1638403C417C}.Debug|Any CPU.Build.0 = Debug|Any CPU
		{ACA1605B-F19F-4D6A-984C-1638403C417C}.Release|Any CPU.ActiveCfg = Release|Any CPU
		{ACA1605B-F19F-4D6A-984C-1638403C417C}.Release|Any CPU.Build.0 = Release|Any CPU
		{A83AB656-7A95-4328-9D26-99DF796C6602}.Debug|Any CPU.ActiveCfg = Debug|Any CPU
		{A83AB656-7A95-4328-9D26-99DF796C6602}.Debug|Any CPU.Build.0 = Debug|Any CPU
		{A83AB656-7A95-4328-9D26-99DF796C6602}.Release|Any CPU.ActiveCfg = Release|Any CPU
		{A83AB656-7A95-4328-9D26-99DF796C6602}.Release|Any CPU.Build.0 = Release|Any CPU
		{4F75152C-116D-4876-9976-A5C2057369EA}.Debug|Any CPU.ActiveCfg = Debug|Any CPU
		{4F75152C-116D-4876-9976-A5C2057369EA}.Debug|Any CPU.Build.0 = Debug|Any CPU
		{4F75152C-116D-4876-9976-A5C2057369EA}.Release|Any CPU.ActiveCfg = Release|Any CPU
		{4F75152C-116D-4876-9976-A5C2057369EA}.Release|Any CPU.Build.0 = Release|Any CPU
		{25FFBE8E-5EE9-4810-AF42-75BD829249AE}.Debug|Any CPU.ActiveCfg = Debug|Any CPU
		{25FFBE8E-5EE9-4810-AF42-75BD829249AE}.Debug|Any CPU.Build.0 = Debug|Any CPU
		{25FFBE8E-5EE9-4810-AF42-75BD829249AE}.Release|Any CPU.ActiveCfg = Release|Any CPU
		{25FFBE8E-5EE9-4810-AF42-75BD829249AE}.Release|Any CPU.Build.0 = Release|Any CPU
		{0EF75973-6764-4B40-8F73-2BF96FEFCA52}.Debug|Any CPU.ActiveCfg = Debug|Any CPU
		{0EF75973-6764-4B40-8F73-2BF96FEFCA52}.Debug|Any CPU.Build.0 = Debug|Any CPU
		{0EF75973-6764-4B40-8F73-2BF96FEFCA52}.Release|Any CPU.ActiveCfg = Release|Any CPU
		{0EF75973-6764-4B40-8F73-2BF96FEFCA52}.Release|Any CPU.Build.0 = Release|Any CPU
		{BC272CC1-E93B-4A87-B782-0B4462D7638F}.Debug|Any CPU.ActiveCfg = Debug|Any CPU
		{BC272CC1-E93B-4A87-B782-0B4462D7638F}.Debug|Any CPU.Build.0 = Debug|Any CPU
		{BC272CC1-E93B-4A87-B782-0B4462D7638F}.Release|Any CPU.ActiveCfg = Release|Any CPU
		{BC272CC1-E93B-4A87-B782-0B4462D7638F}.Release|Any CPU.Build.0 = Release|Any CPU
		{FB501340-4F98-469A-80A8-B6B226C33757}.Debug|Any CPU.ActiveCfg = Debug|Any CPU
		{FB501340-4F98-469A-80A8-B6B226C33757}.Debug|Any CPU.Build.0 = Debug|Any CPU
		{FB501340-4F98-469A-80A8-B6B226C33757}.Release|Any CPU.ActiveCfg = Release|Any CPU
		{FB501340-4F98-469A-80A8-B6B226C33757}.Release|Any CPU.Build.0 = Release|Any CPU
		{9B5D2E50-CA2B-43C4-BE9F-E3FB2E4EF9E2}.Debug|Any CPU.ActiveCfg = Debug|Any CPU
		{9B5D2E50-CA2B-43C4-BE9F-E3FB2E4EF9E2}.Debug|Any CPU.Build.0 = Debug|Any CPU
		{9B5D2E50-CA2B-43C4-BE9F-E3FB2E4EF9E2}.Release|Any CPU.ActiveCfg = Release|Any CPU
		{9B5D2E50-CA2B-43C4-BE9F-E3FB2E4EF9E2}.Release|Any CPU.Build.0 = Release|Any CPU
		{14BD1AFC-485D-4B9F-B352-2282A1D163DE}.Debug|Any CPU.ActiveCfg = Debug|Any CPU
		{14BD1AFC-485D-4B9F-B352-2282A1D163DE}.Debug|Any CPU.Build.0 = Debug|Any CPU
		{14BD1AFC-485D-4B9F-B352-2282A1D163DE}.Release|Any CPU.ActiveCfg = Release|Any CPU
		{14BD1AFC-485D-4B9F-B352-2282A1D163DE}.Release|Any CPU.Build.0 = Release|Any CPU
		{1F2A7ADE-F56A-4F29-A347-45851B4E4442}.Debug|Any CPU.ActiveCfg = Debug|Any CPU
		{1F2A7ADE-F56A-4F29-A347-45851B4E4442}.Debug|Any CPU.Build.0 = Debug|Any CPU
		{1F2A7ADE-F56A-4F29-A347-45851B4E4442}.Release|Any CPU.ActiveCfg = Release|Any CPU
		{1F2A7ADE-F56A-4F29-A347-45851B4E4442}.Release|Any CPU.Build.0 = Release|Any CPU
		{73DA9286-E3BC-4304-BD35-875B33627A45}.Debug|Any CPU.ActiveCfg = Debug|Any CPU
		{73DA9286-E3BC-4304-BD35-875B33627A45}.Debug|Any CPU.Build.0 = Debug|Any CPU
		{73DA9286-E3BC-4304-BD35-875B33627A45}.Release|Any CPU.ActiveCfg = Release|Any CPU
		{73DA9286-E3BC-4304-BD35-875B33627A45}.Release|Any CPU.Build.0 = Release|Any CPU
		{DB483FC8-9CA3-4807-BDE1-99E55EFED96D}.Debug|Any CPU.ActiveCfg = Debug|Any CPU
		{DB483FC8-9CA3-4807-BDE1-99E55EFED96D}.Debug|Any CPU.Build.0 = Debug|Any CPU
		{DB483FC8-9CA3-4807-BDE1-99E55EFED96D}.Release|Any CPU.ActiveCfg = Release|Any CPU
		{DB483FC8-9CA3-4807-BDE1-99E55EFED96D}.Release|Any CPU.Build.0 = Release|Any CPU
		{1607D231-DC0C-4296-88D9-7F7D47A988D1}.Debug|Any CPU.ActiveCfg = Debug|Any CPU
		{1607D231-DC0C-4296-88D9-7F7D47A988D1}.Debug|Any CPU.Build.0 = Debug|Any CPU
		{1607D231-DC0C-4296-88D9-7F7D47A988D1}.Release|Any CPU.ActiveCfg = Release|Any CPU
		{1607D231-DC0C-4296-88D9-7F7D47A988D1}.Release|Any CPU.Build.0 = Release|Any CPU
		{54B2B12F-82DC-4967-8143-8ED99647F471}.Debug|Any CPU.ActiveCfg = Debug|Any CPU
		{54B2B12F-82DC-4967-8143-8ED99647F471}.Debug|Any CPU.Build.0 = Debug|Any CPU
		{54B2B12F-82DC-4967-8143-8ED99647F471}.Release|Any CPU.ActiveCfg = Release|Any CPU
		{54B2B12F-82DC-4967-8143-8ED99647F471}.Release|Any CPU.Build.0 = Release|Any CPU
		{27E7924B-9A75-4BE9-9971-9EA60D754554}.Debug|Any CPU.ActiveCfg = Debug|Any CPU
		{27E7924B-9A75-4BE9-9971-9EA60D754554}.Debug|Any CPU.Build.0 = Debug|Any CPU
		{27E7924B-9A75-4BE9-9971-9EA60D754554}.Release|Any CPU.ActiveCfg = Release|Any CPU
		{27E7924B-9A75-4BE9-9971-9EA60D754554}.Release|Any CPU.Build.0 = Release|Any CPU
		{9122272A-68FF-44A7-9C9A-4DC66F04F4F9}.Debug|Any CPU.ActiveCfg = Debug|Any CPU
		{9122272A-68FF-44A7-9C9A-4DC66F04F4F9}.Debug|Any CPU.Build.0 = Debug|Any CPU
		{9122272A-68FF-44A7-9C9A-4DC66F04F4F9}.Release|Any CPU.ActiveCfg = Release|Any CPU
		{9122272A-68FF-44A7-9C9A-4DC66F04F4F9}.Release|Any CPU.Build.0 = Release|Any CPU
	EndGlobalSection
	GlobalSection(SolutionProperties) = preSolution
		HideSolutionNode = FALSE
	EndGlobalSection
	GlobalSection(NestedProjects) = preSolution
		{ABBC2383-F878-4BB2-A138-5B4F5BF3256E} = {225E3D53-1140-4C91-AE2B-192ABAAF9ABE}
		{F7FD9569-7D31-4B01-A121-0AC5FC379E31} = {225E3D53-1140-4C91-AE2B-192ABAAF9ABE}
		{4B178F84-CC46-44BE-B4D3-FF1426ACA25C} = {225E3D53-1140-4C91-AE2B-192ABAAF9ABE}
		{6D91DE2F-2539-4AB0-8811-21B8CBEBB7A8} = {225E3D53-1140-4C91-AE2B-192ABAAF9ABE}
		{8C933068-E31C-4810-B162-9AEE3D80BA7B} = {A9527294-9D28-415D-8006-A202912E452B}
		{A9527294-9D28-415D-8006-A202912E452B} = {F7FD9569-7D31-4B01-A121-0AC5FC379E31}
		{7B9C7B55-BE1E-496A-95BC-A1F132FF3ED8} = {F7FD9569-7D31-4B01-A121-0AC5FC379E31}
		{93C9F1F4-B312-463A-BB79-284A00D1FCF5} = {F7FD9569-7D31-4B01-A121-0AC5FC379E31}
		{3FF79FB5-EDCA-48E7-9473-3EBBA7A07500} = {F7FD9569-7D31-4B01-A121-0AC5FC379E31}
		{309D7B4F-7623-4D69-9A0A-1429430F51ED} = {3FF79FB5-EDCA-48E7-9473-3EBBA7A07500}
		{4753F101-2D4D-4A8A-AC44-E5B3EEB60C00} = {93C9F1F4-B312-463A-BB79-284A00D1FCF5}
		{ADED9613-954E-47A6-A339-7C15A914E0EB} = {7B9C7B55-BE1E-496A-95BC-A1F132FF3ED8}
		{AE98D5BA-7DFB-44BA-A706-566E93C25F89} = {225E3D53-1140-4C91-AE2B-192ABAAF9ABE}
		{4FCB0D80-7974-47E6-B5F9-2D47475D7FA7} = {AE98D5BA-7DFB-44BA-A706-566E93C25F89}
		{090F8F6D-9180-4305-B376-4510766900AD} = {AE98D5BA-7DFB-44BA-A706-566E93C25F89}
		{4D1287B3-1602-4F3A-A323-785C5381AB3E} = {AE98D5BA-7DFB-44BA-A706-566E93C25F89}
		{ACA1605B-F19F-4D6A-984C-1638403C417C} = {7B9C7B55-BE1E-496A-95BC-A1F132FF3ED8}
		{48E8D7F4-1D19-4718-A2BC-5134395754F9} = {F7FD9569-7D31-4B01-A121-0AC5FC379E31}
		{A83AB656-7A95-4328-9D26-99DF796C6602} = {48E8D7F4-1D19-4718-A2BC-5134395754F9}
		{4F75152C-116D-4876-9976-A5C2057369EA} = {DE366B1C-9625-4520-89B6-C58459FF70D3}
		{F0674178-AC97-4CF3-8A3A-C1C9C9A6F5CB} = {4B178F84-CC46-44BE-B4D3-FF1426ACA25C}
		{13D07A68-3596-42C9-BCFC-325984A34FAE} = {4B178F84-CC46-44BE-B4D3-FF1426ACA25C}
		{A146F054-26B5-4031-9684-E28A472FDC31} = {4B178F84-CC46-44BE-B4D3-FF1426ACA25C}
		{222877B0-21AA-4928-8115-A575EF6D2038} = {4B178F84-CC46-44BE-B4D3-FF1426ACA25C}
		{CE140359-7E6C-4CE4-99BF-7F318D604B36} = {4B178F84-CC46-44BE-B4D3-FF1426ACA25C}
		{A3D016C2-9A38-4149-B0EB-F34E210C655A} = {4B178F84-CC46-44BE-B4D3-FF1426ACA25C}
		{25FFBE8E-5EE9-4810-AF42-75BD829249AE} = {222877B0-21AA-4928-8115-A575EF6D2038}
		{0EF75973-6764-4B40-8F73-2BF96FEFCA52} = {F0674178-AC97-4CF3-8A3A-C1C9C9A6F5CB}
		{BC272CC1-E93B-4A87-B782-0B4462D7638F} = {A146F054-26B5-4031-9684-E28A472FDC31}
		{FB501340-4F98-469A-80A8-B6B226C33757} = {13D07A68-3596-42C9-BCFC-325984A34FAE}
		{9B5D2E50-CA2B-43C4-BE9F-E3FB2E4EF9E2} = {13D07A68-3596-42C9-BCFC-325984A34FAE}
		{14BD1AFC-485D-4B9F-B352-2282A1D163DE} = {A3D016C2-9A38-4149-B0EB-F34E210C655A}
		{2C263D53-8B09-49C4-B1D1-1C723469F0E8} = {F7FD9569-7D31-4B01-A121-0AC5FC379E31}
		{1F2A7ADE-F56A-4F29-A347-45851B4E4442} = {2C263D53-8B09-49C4-B1D1-1C723469F0E8}
		{73DA9286-E3BC-4304-BD35-875B33627A45} = {53CD772C-BF17-4E33-A798-9179D61D9AB7}
		{53CD772C-BF17-4E33-A798-9179D61D9AB7} = {6D91DE2F-2539-4AB0-8811-21B8CBEBB7A8}
		{DF806CB2-26EF-4A37-B5E0-56CB25AAC153} = {6D91DE2F-2539-4AB0-8811-21B8CBEBB7A8}
		{30190041-6B88-42B1-8132-AB562456BC88} = {6D91DE2F-2539-4AB0-8811-21B8CBEBB7A8}
		{CAC985D7-5924-4B15-BAC9-61160EA2C299} = {6D91DE2F-2539-4AB0-8811-21B8CBEBB7A8}
		{2CFB37A6-AAC6-4AAB-806C-3B81A85BFE9B} = {6D91DE2F-2539-4AB0-8811-21B8CBEBB7A8}
		{ED981B17-7A70-46FA-803B-62D3E5412F8B} = {6D91DE2F-2539-4AB0-8811-21B8CBEBB7A8}
		{DB483FC8-9CA3-4807-BDE1-99E55EFED96D} = {30190041-6B88-42B1-8132-AB562456BC88}
		{1607D231-DC0C-4296-88D9-7F7D47A988D1} = {2CFB37A6-AAC6-4AAB-806C-3B81A85BFE9B}
		{54B2B12F-82DC-4967-8143-8ED99647F471} = {DF806CB2-26EF-4A37-B5E0-56CB25AAC153}
		{27E7924B-9A75-4BE9-9971-9EA60D754554} = {CAC985D7-5924-4B15-BAC9-61160EA2C299}
		{9122272A-68FF-44A7-9C9A-4DC66F04F4F9} = {CAC985D7-5924-4B15-BAC9-61160EA2C299}
	EndGlobalSection
	GlobalSection(ExtensibilityGlobals) = postSolution
		SolutionGuid = {FE15A44D-6F19-4BAE-8F2B-ECA90DFE2693}
	EndGlobalSection
EndGlobal
